// !$*UTF8*$!
{
	archiveVersion = 1;
	classes = {
	};
	objectVersion = 50;
	objects = {

/* Begin PBXBuildFile section */
		E805D5F324B81D6B0060547D /* BigList.xcdatamodeld in Sources */ = {isa = PBXBuildFile; fileRef = E805D5F124B81D6B0060547D /* BigList.xcdatamodeld */; };
		E80EF0AB24B594DF002338E3 /* BigListRow.swift in Sources */ = {isa = PBXBuildFile; fileRef = E80EF0AA24B594DF002338E3 /* BigListRow.swift */; };
		E83153BD24ABFC7500DBB007 /* The_Big_ListApp.swift in Sources */ = {isa = PBXBuildFile; fileRef = E83153BC24ABFC7500DBB007 /* The_Big_ListApp.swift */; };
		E83153BF24ABFC7500DBB007 /* ContentView.swift in Sources */ = {isa = PBXBuildFile; fileRef = E83153BE24ABFC7500DBB007 /* ContentView.swift */; };
		E83153C124ABFC7600DBB007 /* Assets.xcassets in Resources */ = {isa = PBXBuildFile; fileRef = E83153C024ABFC7600DBB007 /* Assets.xcassets */; };
		E83153C424ABFC7600DBB007 /* Preview Assets.xcassets in Resources */ = {isa = PBXBuildFile; fileRef = E83153C324ABFC7600DBB007 /* Preview Assets.xcassets */; };
		E83153CF24ABFC7600DBB007 /* The_Big_ListTests.swift in Sources */ = {isa = PBXBuildFile; fileRef = E83153CE24ABFC7600DBB007 /* The_Big_ListTests.swift */; };
		E83153DA24ABFC7700DBB007 /* The_Big_ListUITests.swift in Sources */ = {isa = PBXBuildFile; fileRef = E83153D924ABFC7700DBB007 /* The_Big_ListUITests.swift */; };
		E883BEF324B050570074B839 /* SingleListView.swift in Sources */ = {isa = PBXBuildFile; fileRef = E883BEF224B050570074B839 /* SingleListView.swift */; };
		E883BEF524B0508E0074B839 /* NewBigListForm.swift in Sources */ = {isa = PBXBuildFile; fileRef = E883BEF424B0508E0074B839 /* NewBigListForm.swift */; };
		E8BD1D8124B2E4D0005754A5 /* EditListSheetView.swift in Sources */ = {isa = PBXBuildFile; fileRef = E8BD1D8024B2E4D0005754A5 /* EditListSheetView.swift */; };
		E8BD1D8324B2E4FD005754A5 /* NewListButton.swift in Sources */ = {isa = PBXBuildFile; fileRef = E8BD1D8224B2E4FD005754A5 /* NewListButton.swift */; };
		E8BD1D8524B2E70B005754A5 /* GradientButtonStyle.swift in Sources */ = {isa = PBXBuildFile; fileRef = E8BD1D8424B2E70B005754A5 /* GradientButtonStyle.swift */; };
		E8BD1D8724B2F13D005754A5 /* EditListItemSheetView.swift in Sources */ = {isa = PBXBuildFile; fileRef = E8BD1D8624B2F13D005754A5 /* EditListItemSheetView.swift */; };
		E8BFB98D24B98910007B5B05 /* PersistentContainer.swift in Sources */ = {isa = PBXBuildFile; fileRef = E8BFB98C24B98910007B5B05 /* PersistentContainer.swift */; };
		E8BFB99224B99B37007B5B05 /* BigListItem+CoreDataClass.swift in Sources */ = {isa = PBXBuildFile; fileRef = E8BFB98E24B99B37007B5B05 /* BigListItem+CoreDataClass.swift */; };
		E8BFB99324B99B37007B5B05 /* BigListItem+CoreDataProperties.swift in Sources */ = {isa = PBXBuildFile; fileRef = E8BFB98F24B99B37007B5B05 /* BigListItem+CoreDataProperties.swift */; };
		E8BFB99424B99B37007B5B05 /* BigList+CoreDataClass.swift in Sources */ = {isa = PBXBuildFile; fileRef = E8BFB99024B99B37007B5B05 /* BigList+CoreDataClass.swift */; };
		E8BFB99524B99B37007B5B05 /* BigList+CoreDataProperties.swift in Sources */ = {isa = PBXBuildFile; fileRef = E8BFB99124B99B37007B5B05 /* BigList+CoreDataProperties.swift */; };
		E8D4FF8324AFDFAE00832DE3 /* BigListOld.swift in Sources */ = {isa = PBXBuildFile; fileRef = E8D4FF8224AFDFAE00832DE3 /* BigListOld.swift */; };
		E8D4FF8624AFE08A00832DE3 /* BigTextField.swift in Sources */ = {isa = PBXBuildFile; fileRef = E8D4FF8524AFE08A00832DE3 /* BigTextField.swift */; };
		E8D990A124BC26BE004D3964 /* AppState.swift in Sources */ = {isa = PBXBuildFile; fileRef = E8D990A024BC26BE004D3964 /* AppState.swift */; };
/* End PBXBuildFile section */

/* Begin PBXContainerItemProxy section */
		E83153CB24ABFC7600DBB007 /* PBXContainerItemProxy */ = {
			isa = PBXContainerItemProxy;
			containerPortal = E83153B124ABFC7500DBB007 /* Project object */;
			proxyType = 1;
			remoteGlobalIDString = E83153B824ABFC7500DBB007;
			remoteInfo = "The Big List";
		};
		E83153D624ABFC7700DBB007 /* PBXContainerItemProxy */ = {
			isa = PBXContainerItemProxy;
			containerPortal = E83153B124ABFC7500DBB007 /* Project object */;
			proxyType = 1;
			remoteGlobalIDString = E83153B824ABFC7500DBB007;
			remoteInfo = "The Big List";
		};
/* End PBXContainerItemProxy section */

/* Begin PBXFileReference section */
		E805D5F224B81D6B0060547D /* BigList.xcdatamodel */ = {isa = PBXFileReference; lastKnownFileType = wrapper.xcdatamodel; path = BigList.xcdatamodel; sourceTree = "<group>"; };
		E80EF0AA24B594DF002338E3 /* BigListRow.swift */ = {isa = PBXFileReference; lastKnownFileType = sourcecode.swift; path = BigListRow.swift; sourceTree = "<group>"; };
		E83153B924ABFC7500DBB007 /* The Big List.app */ = {isa = PBXFileReference; explicitFileType = wrapper.application; includeInIndex = 0; path = "The Big List.app"; sourceTree = BUILT_PRODUCTS_DIR; };
		E83153BC24ABFC7500DBB007 /* The_Big_ListApp.swift */ = {isa = PBXFileReference; lastKnownFileType = sourcecode.swift; path = The_Big_ListApp.swift; sourceTree = "<group>"; };
		E83153BE24ABFC7500DBB007 /* ContentView.swift */ = {isa = PBXFileReference; lastKnownFileType = sourcecode.swift; path = ContentView.swift; sourceTree = "<group>"; };
		E83153C024ABFC7600DBB007 /* Assets.xcassets */ = {isa = PBXFileReference; lastKnownFileType = folder.assetcatalog; path = Assets.xcassets; sourceTree = "<group>"; };
		E83153C324ABFC7600DBB007 /* Preview Assets.xcassets */ = {isa = PBXFileReference; lastKnownFileType = folder.assetcatalog; path = "Preview Assets.xcassets"; sourceTree = "<group>"; };
		E83153C524ABFC7600DBB007 /* Info.plist */ = {isa = PBXFileReference; lastKnownFileType = text.plist.xml; path = Info.plist; sourceTree = "<group>"; };
		E83153CA24ABFC7600DBB007 /* The Big ListTests.xctest */ = {isa = PBXFileReference; explicitFileType = wrapper.cfbundle; includeInIndex = 0; path = "The Big ListTests.xctest"; sourceTree = BUILT_PRODUCTS_DIR; };
		E83153CE24ABFC7600DBB007 /* The_Big_ListTests.swift */ = {isa = PBXFileReference; lastKnownFileType = sourcecode.swift; path = The_Big_ListTests.swift; sourceTree = "<group>"; };
		E83153D024ABFC7600DBB007 /* Info.plist */ = {isa = PBXFileReference; lastKnownFileType = text.plist.xml; path = Info.plist; sourceTree = "<group>"; };
		E83153D524ABFC7700DBB007 /* The Big ListUITests.xctest */ = {isa = PBXFileReference; explicitFileType = wrapper.cfbundle; includeInIndex = 0; path = "The Big ListUITests.xctest"; sourceTree = BUILT_PRODUCTS_DIR; };
		E83153D924ABFC7700DBB007 /* The_Big_ListUITests.swift */ = {isa = PBXFileReference; lastKnownFileType = sourcecode.swift; path = The_Big_ListUITests.swift; sourceTree = "<group>"; };
		E83153DB24ABFC7700DBB007 /* Info.plist */ = {isa = PBXFileReference; lastKnownFileType = text.plist.xml; path = Info.plist; sourceTree = "<group>"; };
		E883BEF224B050570074B839 /* SingleListView.swift */ = {isa = PBXFileReference; lastKnownFileType = sourcecode.swift; path = SingleListView.swift; sourceTree = "<group>"; };
		E883BEF424B0508E0074B839 /* NewBigListForm.swift */ = {isa = PBXFileReference; lastKnownFileType = sourcecode.swift; path = NewBigListForm.swift; sourceTree = "<group>"; };
		E8BD1D8024B2E4D0005754A5 /* EditListSheetView.swift */ = {isa = PBXFileReference; lastKnownFileType = sourcecode.swift; path = EditListSheetView.swift; sourceTree = "<group>"; };
		E8BD1D8224B2E4FD005754A5 /* NewListButton.swift */ = {isa = PBXFileReference; lastKnownFileType = sourcecode.swift; path = NewListButton.swift; sourceTree = "<group>"; };
		E8BD1D8424B2E70B005754A5 /* GradientButtonStyle.swift */ = {isa = PBXFileReference; lastKnownFileType = sourcecode.swift; path = GradientButtonStyle.swift; sourceTree = "<group>"; };
		E8BD1D8624B2F13D005754A5 /* EditListItemSheetView.swift */ = {isa = PBXFileReference; lastKnownFileType = sourcecode.swift; path = EditListItemSheetView.swift; sourceTree = "<group>"; };
		E8BFB98C24B98910007B5B05 /* PersistentContainer.swift */ = {isa = PBXFileReference; lastKnownFileType = sourcecode.swift; path = PersistentContainer.swift; sourceTree = "<group>"; };
		E8BFB98E24B99B37007B5B05 /* BigListItem+CoreDataClass.swift */ = {isa = PBXFileReference; lastKnownFileType = sourcecode.swift; name = "BigListItem+CoreDataClass.swift"; path = "The Big List/BigListItem+CoreDataClass.swift"; sourceTree = "<group>"; };
		E8BFB98F24B99B37007B5B05 /* BigListItem+CoreDataProperties.swift */ = {isa = PBXFileReference; lastKnownFileType = sourcecode.swift; name = "BigListItem+CoreDataProperties.swift"; path = "The Big List/BigListItem+CoreDataProperties.swift"; sourceTree = "<group>"; };
		E8BFB99024B99B37007B5B05 /* BigList+CoreDataClass.swift */ = {isa = PBXFileReference; lastKnownFileType = sourcecode.swift; name = "BigList+CoreDataClass.swift"; path = "The Big List/BigList+CoreDataClass.swift"; sourceTree = "<group>"; };
		E8BFB99124B99B37007B5B05 /* BigList+CoreDataProperties.swift */ = {isa = PBXFileReference; lastKnownFileType = sourcecode.swift; name = "BigList+CoreDataProperties.swift"; path = "The Big List/BigList+CoreDataProperties.swift"; sourceTree = "<group>"; };
		E8D4FF8224AFDFAE00832DE3 /* BigListOld.swift */ = {isa = PBXFileReference; lastKnownFileType = sourcecode.swift; path = BigListOld.swift; sourceTree = "<group>"; };
		E8D4FF8524AFE08A00832DE3 /* BigTextField.swift */ = {isa = PBXFileReference; lastKnownFileType = sourcecode.swift; path = BigTextField.swift; sourceTree = "<group>"; };
		E8D990A024BC26BE004D3964 /* AppState.swift */ = {isa = PBXFileReference; lastKnownFileType = sourcecode.swift; path = AppState.swift; sourceTree = "<group>"; };
/* End PBXFileReference section */

/* Begin PBXFrameworksBuildPhase section */
		E83153B624ABFC7500DBB007 /* Frameworks */ = {
			isa = PBXFrameworksBuildPhase;
			buildActionMask = 2147483647;
			files = (
			);
			runOnlyForDeploymentPostprocessing = 0;
		};
		E83153C724ABFC7600DBB007 /* Frameworks */ = {
			isa = PBXFrameworksBuildPhase;
			buildActionMask = 2147483647;
			files = (
			);
			runOnlyForDeploymentPostprocessing = 0;
		};
		E83153D224ABFC7700DBB007 /* Frameworks */ = {
			isa = PBXFrameworksBuildPhase;
			buildActionMask = 2147483647;
			files = (
			);
			runOnlyForDeploymentPostprocessing = 0;
		};
/* End PBXFrameworksBuildPhase section */

/* Begin PBXGroup section */
		E83153B024ABFC7500DBB007 = {
			isa = PBXGroup;
			children = (
				E8BFB98E24B99B37007B5B05 /* BigListItem+CoreDataClass.swift */,
				E8BFB98F24B99B37007B5B05 /* BigListItem+CoreDataProperties.swift */,
				E8BFB99024B99B37007B5B05 /* BigList+CoreDataClass.swift */,
				E8BFB99124B99B37007B5B05 /* BigList+CoreDataProperties.swift */,
				E83153BB24ABFC7500DBB007 /* The Big List */,
				E83153CD24ABFC7600DBB007 /* The Big ListTests */,
				E83153D824ABFC7700DBB007 /* The Big ListUITests */,
				E83153BA24ABFC7500DBB007 /* Products */,
			);
			sourceTree = "<group>";
		};
		E83153BA24ABFC7500DBB007 /* Products */ = {
			isa = PBXGroup;
			children = (
				E83153B924ABFC7500DBB007 /* The Big List.app */,
				E83153CA24ABFC7600DBB007 /* The Big ListTests.xctest */,
				E83153D524ABFC7700DBB007 /* The Big ListUITests.xctest */,
			);
			name = Products;
			sourceTree = "<group>";
		};
		E83153BB24ABFC7500DBB007 /* The Big List */ = {
			isa = PBXGroup;
			children = (
				E805D5F124B81D6B0060547D /* BigList.xcdatamodeld */,
				E8D4FF8424AFE06E00832DE3 /* UIComponents */,
				E83153BC24ABFC7500DBB007 /* The_Big_ListApp.swift */,
				E8D4FF8224AFDFAE00832DE3 /* BigListOld.swift */,
				E83153BE24ABFC7500DBB007 /* ContentView.swift */,
				E83153C024ABFC7600DBB007 /* Assets.xcassets */,
				E83153C524ABFC7600DBB007 /* Info.plist */,
				E83153C224ABFC7600DBB007 /* Preview Content */,
				E8BFB98C24B98910007B5B05 /* PersistentContainer.swift */,
				E8D990A024BC26BE004D3964 /* AppState.swift */,
			);
			path = "The Big List";
			sourceTree = "<group>";
		};
		E83153C224ABFC7600DBB007 /* Preview Content */ = {
			isa = PBXGroup;
			children = (
				E83153C324ABFC7600DBB007 /* Preview Assets.xcassets */,
			);
			path = "Preview Content";
			sourceTree = "<group>";
		};
		E83153CD24ABFC7600DBB007 /* The Big ListTests */ = {
			isa = PBXGroup;
			children = (
				E83153CE24ABFC7600DBB007 /* The_Big_ListTests.swift */,
				E83153D024ABFC7600DBB007 /* Info.plist */,
			);
			path = "The Big ListTests";
			sourceTree = "<group>";
		};
		E83153D824ABFC7700DBB007 /* The Big ListUITests */ = {
			isa = PBXGroup;
			children = (
				E83153D924ABFC7700DBB007 /* The_Big_ListUITests.swift */,
				E83153DB24ABFC7700DBB007 /* Info.plist */,
			);
			path = "The Big ListUITests";
			sourceTree = "<group>";
		};
		E8D4FF8424AFE06E00832DE3 /* UIComponents */ = {
			isa = PBXGroup;
			children = (
				E8D4FF8524AFE08A00832DE3 /* BigTextField.swift */,
				E883BEF224B050570074B839 /* SingleListView.swift */,
				E883BEF424B0508E0074B839 /* NewBigListForm.swift */,
				E8BD1D8024B2E4D0005754A5 /* EditListSheetView.swift */,
				E8BD1D8224B2E4FD005754A5 /* NewListButton.swift */,
				E8BD1D8424B2E70B005754A5 /* GradientButtonStyle.swift */,
				E8BD1D8624B2F13D005754A5 /* EditListItemSheetView.swift */,
				E80EF0AA24B594DF002338E3 /* BigListRow.swift */,
			);
			path = UIComponents;
			sourceTree = "<group>";
		};
/* End PBXGroup section */

/* Begin PBXNativeTarget section */
		E83153B824ABFC7500DBB007 /* The Big List */ = {
			isa = PBXNativeTarget;
			buildConfigurationList = E83153DE24ABFC7700DBB007 /* Build configuration list for PBXNativeTarget "The Big List" */;
			buildPhases = (
				E83153B524ABFC7500DBB007 /* Sources */,
				E83153B624ABFC7500DBB007 /* Frameworks */,
				E83153B724ABFC7500DBB007 /* Resources */,
			);
			buildRules = (
			);
			dependencies = (
			);
			name = "The Big List";
			packageProductDependencies = (
			);
			productName = "The Big List";
			productReference = E83153B924ABFC7500DBB007 /* The Big List.app */;
			productType = "com.apple.product-type.application";
		};
		E83153C924ABFC7600DBB007 /* The Big ListTests */ = {
			isa = PBXNativeTarget;
			buildConfigurationList = E83153E124ABFC7700DBB007 /* Build configuration list for PBXNativeTarget "The Big ListTests" */;
			buildPhases = (
				E83153C624ABFC7600DBB007 /* Sources */,
				E83153C724ABFC7600DBB007 /* Frameworks */,
				E83153C824ABFC7600DBB007 /* Resources */,
			);
			buildRules = (
			);
			dependencies = (
				E83153CC24ABFC7600DBB007 /* PBXTargetDependency */,
			);
			name = "The Big ListTests";
			productName = "The Big ListTests";
			productReference = E83153CA24ABFC7600DBB007 /* The Big ListTests.xctest */;
			productType = "com.apple.product-type.bundle.unit-test";
		};
		E83153D424ABFC7700DBB007 /* The Big ListUITests */ = {
			isa = PBXNativeTarget;
			buildConfigurationList = E83153E424ABFC7700DBB007 /* Build configuration list for PBXNativeTarget "The Big ListUITests" */;
			buildPhases = (
				E83153D124ABFC7700DBB007 /* Sources */,
				E83153D224ABFC7700DBB007 /* Frameworks */,
				E83153D324ABFC7700DBB007 /* Resources */,
			);
			buildRules = (
			);
			dependencies = (
				E83153D724ABFC7700DBB007 /* PBXTargetDependency */,
			);
			name = "The Big ListUITests";
			productName = "The Big ListUITests";
			productReference = E83153D524ABFC7700DBB007 /* The Big ListUITests.xctest */;
			productType = "com.apple.product-type.bundle.ui-testing";
		};
/* End PBXNativeTarget section */

/* Begin PBXProject section */
		E83153B124ABFC7500DBB007 /* Project object */ = {
			isa = PBXProject;
			attributes = {
				LastSwiftUpdateCheck = 1200;
				LastUpgradeCheck = 1200;
				TargetAttributes = {
					E83153B824ABFC7500DBB007 = {
						CreatedOnToolsVersion = 12.0;
					};
					E83153C924ABFC7600DBB007 = {
						CreatedOnToolsVersion = 12.0;
						TestTargetID = E83153B824ABFC7500DBB007;
					};
					E83153D424ABFC7700DBB007 = {
						CreatedOnToolsVersion = 12.0;
						TestTargetID = E83153B824ABFC7500DBB007;
					};
				};
			};
			buildConfigurationList = E83153B424ABFC7500DBB007 /* Build configuration list for PBXProject "The Big List" */;
			compatibilityVersion = "Xcode 9.3";
			developmentRegion = en;
			hasScannedForEncodings = 0;
			knownRegions = (
				en,
				Base,
			);
			mainGroup = E83153B024ABFC7500DBB007;
			packageReferences = (
			);
			productRefGroup = E83153BA24ABFC7500DBB007 /* Products */;
			projectDirPath = "";
			projectRoot = "";
			targets = (
				E83153B824ABFC7500DBB007 /* The Big List */,
				E83153C924ABFC7600DBB007 /* The Big ListTests */,
				E83153D424ABFC7700DBB007 /* The Big ListUITests */,
			);
		};
/* End PBXProject section */

/* Begin PBXResourcesBuildPhase section */
		E83153B724ABFC7500DBB007 /* Resources */ = {
			isa = PBXResourcesBuildPhase;
			buildActionMask = 2147483647;
			files = (
				E83153C424ABFC7600DBB007 /* Preview Assets.xcassets in Resources */,
				E83153C124ABFC7600DBB007 /* Assets.xcassets in Resources */,
			);
			runOnlyForDeploymentPostprocessing = 0;
		};
		E83153C824ABFC7600DBB007 /* Resources */ = {
			isa = PBXResourcesBuildPhase;
			buildActionMask = 2147483647;
			files = (
			);
			runOnlyForDeploymentPostprocessing = 0;
		};
		E83153D324ABFC7700DBB007 /* Resources */ = {
			isa = PBXResourcesBuildPhase;
			buildActionMask = 2147483647;
			files = (
			);
			runOnlyForDeploymentPostprocessing = 0;
		};
/* End PBXResourcesBuildPhase section */

/* Begin PBXSourcesBuildPhase section */
		E83153B524ABFC7500DBB007 /* Sources */ = {
			isa = PBXSourcesBuildPhase;
			buildActionMask = 2147483647;
			files = (
				E8D4FF8624AFE08A00832DE3 /* BigTextField.swift in Sources */,
				E8BD1D8724B2F13D005754A5 /* EditListItemSheetView.swift in Sources */,
				E8BD1D8524B2E70B005754A5 /* GradientButtonStyle.swift in Sources */,
				E8D990A124BC26BE004D3964 /* AppState.swift in Sources */,
				E883BEF524B0508E0074B839 /* NewBigListForm.swift in Sources */,
				E8BFB99524B99B37007B5B05 /* BigList+CoreDataProperties.swift in Sources */,
				E8BFB99424B99B37007B5B05 /* BigList+CoreDataClass.swift in Sources */,
				E8BFB98D24B98910007B5B05 /* PersistentContainer.swift in Sources */,
				E83153BF24ABFC7500DBB007 /* ContentView.swift in Sources */,
				E805D5F324B81D6B0060547D /* BigList.xcdatamodeld in Sources */,
				E8BFB99324B99B37007B5B05 /* BigListItem+CoreDataProperties.swift in Sources */,
				E8D4FF8324AFDFAE00832DE3 /* BigListOld.swift in Sources */,
				E8BD1D8124B2E4D0005754A5 /* EditListSheetView.swift in Sources */,
				E8BFB99224B99B37007B5B05 /* BigListItem+CoreDataClass.swift in Sources */,
				E83153BD24ABFC7500DBB007 /* The_Big_ListApp.swift in Sources */,
				E883BEF324B050570074B839 /* SingleListView.swift in Sources */,
				E80EF0AB24B594DF002338E3 /* BigListRow.swift in Sources */,
				E8BD1D8324B2E4FD005754A5 /* NewListButton.swift in Sources */,
			);
			runOnlyForDeploymentPostprocessing = 0;
		};
		E83153C624ABFC7600DBB007 /* Sources */ = {
			isa = PBXSourcesBuildPhase;
			buildActionMask = 2147483647;
			files = (
				E83153CF24ABFC7600DBB007 /* The_Big_ListTests.swift in Sources */,
			);
			runOnlyForDeploymentPostprocessing = 0;
		};
		E83153D124ABFC7700DBB007 /* Sources */ = {
			isa = PBXSourcesBuildPhase;
			buildActionMask = 2147483647;
			files = (
				E83153DA24ABFC7700DBB007 /* The_Big_ListUITests.swift in Sources */,
			);
			runOnlyForDeploymentPostprocessing = 0;
		};
/* End PBXSourcesBuildPhase section */

/* Begin PBXTargetDependency section */
		E83153CC24ABFC7600DBB007 /* PBXTargetDependency */ = {
			isa = PBXTargetDependency;
			target = E83153B824ABFC7500DBB007 /* The Big List */;
			targetProxy = E83153CB24ABFC7600DBB007 /* PBXContainerItemProxy */;
		};
		E83153D724ABFC7700DBB007 /* PBXTargetDependency */ = {
			isa = PBXTargetDependency;
			target = E83153B824ABFC7500DBB007 /* The Big List */;
			targetProxy = E83153D624ABFC7700DBB007 /* PBXContainerItemProxy */;
		};
/* End PBXTargetDependency section */

/* Begin XCBuildConfiguration section */
		E83153DC24ABFC7700DBB007 /* Debug */ = {
			isa = XCBuildConfiguration;
			buildSettings = {
				ALWAYS_SEARCH_USER_PATHS = NO;
				CLANG_ANALYZER_NONNULL = YES;
				CLANG_ANALYZER_NUMBER_OBJECT_CONVERSION = YES_AGGRESSIVE;
				CLANG_CXX_LANGUAGE_STANDARD = "gnu++14";
				CLANG_CXX_LIBRARY = "libc++";
				CLANG_ENABLE_MODULES = YES;
				CLANG_ENABLE_OBJC_ARC = YES;
				CLANG_ENABLE_OBJC_WEAK = YES;
				CLANG_WARN_BLOCK_CAPTURE_AUTORELEASING = YES;
				CLANG_WARN_BOOL_CONVERSION = YES;
				CLANG_WARN_COMMA = YES;
				CLANG_WARN_CONSTANT_CONVERSION = YES;
				CLANG_WARN_DEPRECATED_OBJC_IMPLEMENTATIONS = YES;
				CLANG_WARN_DIRECT_OBJC_ISA_USAGE = YES_ERROR;
				CLANG_WARN_DOCUMENTATION_COMMENTS = YES;
				CLANG_WARN_EMPTY_BODY = YES;
				CLANG_WARN_ENUM_CONVERSION = YES;
				CLANG_WARN_INFINITE_RECURSION = YES;
				CLANG_WARN_INT_CONVERSION = YES;
				CLANG_WARN_NON_LITERAL_NULL_CONVERSION = YES;
				CLANG_WARN_OBJC_IMPLICIT_RETAIN_SELF = YES;
				CLANG_WARN_OBJC_LITERAL_CONVERSION = YES;
				CLANG_WARN_OBJC_ROOT_CLASS = YES_ERROR;
				CLANG_WARN_QUOTED_INCLUDE_IN_FRAMEWORK_HEADER = YES;
				CLANG_WARN_RANGE_LOOP_ANALYSIS = YES;
				CLANG_WARN_STRICT_PROTOTYPES = YES;
				CLANG_WARN_SUSPICIOUS_MOVE = YES;
				CLANG_WARN_UNGUARDED_AVAILABILITY = YES_AGGRESSIVE;
				CLANG_WARN_UNREACHABLE_CODE = YES;
				CLANG_WARN__DUPLICATE_METHOD_MATCH = YES;
				COPY_PHASE_STRIP = NO;
				DEBUG_INFORMATION_FORMAT = dwarf;
				ENABLE_STRICT_OBJC_MSGSEND = YES;
				ENABLE_TESTABILITY = YES;
				GCC_C_LANGUAGE_STANDARD = gnu11;
				GCC_DYNAMIC_NO_PIC = NO;
				GCC_NO_COMMON_BLOCKS = YES;
				GCC_OPTIMIZATION_LEVEL = 0;
				GCC_PREPROCESSOR_DEFINITIONS = (
					"DEBUG=1",
					"$(inherited)",
				);
				GCC_WARN_64_TO_32_BIT_CONVERSION = YES;
				GCC_WARN_ABOUT_RETURN_TYPE = YES_ERROR;
				GCC_WARN_UNDECLARED_SELECTOR = YES;
				GCC_WARN_UNINITIALIZED_AUTOS = YES_AGGRESSIVE;
				GCC_WARN_UNUSED_FUNCTION = YES;
				GCC_WARN_UNUSED_VARIABLE = YES;
				IPHONEOS_DEPLOYMENT_TARGET = 13.5;
				MTL_ENABLE_DEBUG_INFO = INCLUDE_SOURCE;
				MTL_FAST_MATH = YES;
				ONLY_ACTIVE_ARCH = YES;
				SDKROOT = iphoneos;
				SWIFT_ACTIVE_COMPILATION_CONDITIONS = DEBUG;
				SWIFT_OPTIMIZATION_LEVEL = "-Onone";
			};
			name = Debug;
		};
		E83153DD24ABFC7700DBB007 /* Release */ = {
			isa = XCBuildConfiguration;
			buildSettings = {
				ALWAYS_SEARCH_USER_PATHS = NO;
				CLANG_ANALYZER_NONNULL = YES;
				CLANG_ANALYZER_NUMBER_OBJECT_CONVERSION = YES_AGGRESSIVE;
				CLANG_CXX_LANGUAGE_STANDARD = "gnu++14";
				CLANG_CXX_LIBRARY = "libc++";
				CLANG_ENABLE_MODULES = YES;
				CLANG_ENABLE_OBJC_ARC = YES;
				CLANG_ENABLE_OBJC_WEAK = YES;
				CLANG_WARN_BLOCK_CAPTURE_AUTORELEASING = YES;
				CLANG_WARN_BOOL_CONVERSION = YES;
				CLANG_WARN_COMMA = YES;
				CLANG_WARN_CONSTANT_CONVERSION = YES;
				CLANG_WARN_DEPRECATED_OBJC_IMPLEMENTATIONS = YES;
				CLANG_WARN_DIRECT_OBJC_ISA_USAGE = YES_ERROR;
				CLANG_WARN_DOCUMENTATION_COMMENTS = YES;
				CLANG_WARN_EMPTY_BODY = YES;
				CLANG_WARN_ENUM_CONVERSION = YES;
				CLANG_WARN_INFINITE_RECURSION = YES;
				CLANG_WARN_INT_CONVERSION = YES;
				CLANG_WARN_NON_LITERAL_NULL_CONVERSION = YES;
				CLANG_WARN_OBJC_IMPLICIT_RETAIN_SELF = YES;
				CLANG_WARN_OBJC_LITERAL_CONVERSION = YES;
				CLANG_WARN_OBJC_ROOT_CLASS = YES_ERROR;
				CLANG_WARN_QUOTED_INCLUDE_IN_FRAMEWORK_HEADER = YES;
				CLANG_WARN_RANGE_LOOP_ANALYSIS = YES;
				CLANG_WARN_STRICT_PROTOTYPES = YES;
				CLANG_WARN_SUSPICIOUS_MOVE = YES;
				CLANG_WARN_UNGUARDED_AVAILABILITY = YES_AGGRESSIVE;
				CLANG_WARN_UNREACHABLE_CODE = YES;
				CLANG_WARN__DUPLICATE_METHOD_MATCH = YES;
				COPY_PHASE_STRIP = NO;
				DEBUG_INFORMATION_FORMAT = "dwarf-with-dsym";
				ENABLE_NS_ASSERTIONS = NO;
				ENABLE_STRICT_OBJC_MSGSEND = YES;
				GCC_C_LANGUAGE_STANDARD = gnu11;
				GCC_NO_COMMON_BLOCKS = YES;
				GCC_WARN_64_TO_32_BIT_CONVERSION = YES;
				GCC_WARN_ABOUT_RETURN_TYPE = YES_ERROR;
				GCC_WARN_UNDECLARED_SELECTOR = YES;
				GCC_WARN_UNINITIALIZED_AUTOS = YES_AGGRESSIVE;
				GCC_WARN_UNUSED_FUNCTION = YES;
				GCC_WARN_UNUSED_VARIABLE = YES;
				IPHONEOS_DEPLOYMENT_TARGET = 13.5;
				MTL_ENABLE_DEBUG_INFO = NO;
				MTL_FAST_MATH = YES;
				SDKROOT = iphoneos;
				SWIFT_COMPILATION_MODE = wholemodule;
				SWIFT_OPTIMIZATION_LEVEL = "-O";
				VALIDATE_PRODUCT = YES;
			};
			name = Release;
		};
		E83153DF24ABFC7700DBB007 /* Debug */ = {
			isa = XCBuildConfiguration;
			buildSettings = {
				ASSETCATALOG_COMPILER_APPICON_NAME = AppIcon;
				ASSETCATALOG_COMPILER_GLOBAL_ACCENT_COLOR_NAME = AccentColor;
				CODE_SIGN_STYLE = Automatic;
				DEVELOPMENT_ASSET_PATHS = "\"The Big List/Preview Content\"";
				DEVELOPMENT_TEAM = QHL7S2Q492;
				ENABLE_PREVIEWS = YES;
				INFOPLIST_FILE = "The Big List/Info.plist";
				IPHONEOS_DEPLOYMENT_TARGET = 14.0;
				LD_RUNPATH_SEARCH_PATHS = (
					"$(inherited)",
					"@executable_path/Frameworks",
				);
				PRODUCT_BUNDLE_IDENTIFIER = "aahlad.com.The-Big-List";
				PRODUCT_NAME = "$(TARGET_NAME)";
				SWIFT_VERSION = 5.0;
				TARGETED_DEVICE_FAMILY = 1;
			};
			name = Debug;
		};
		E83153E024ABFC7700DBB007 /* Release */ = {
			isa = XCBuildConfiguration;
			buildSettings = {
				ASSETCATALOG_COMPILER_APPICON_NAME = AppIcon;
				ASSETCATALOG_COMPILER_GLOBAL_ACCENT_COLOR_NAME = AccentColor;
				CODE_SIGN_STYLE = Automatic;
				DEVELOPMENT_ASSET_PATHS = "\"The Big List/Preview Content\"";
				DEVELOPMENT_TEAM = QHL7S2Q492;
				ENABLE_PREVIEWS = YES;
				INFOPLIST_FILE = "The Big List/Info.plist";
				IPHONEOS_DEPLOYMENT_TARGET = 14.0;
				LD_RUNPATH_SEARCH_PATHS = (
					"$(inherited)",
					"@executable_path/Frameworks",
				);
				PRODUCT_BUNDLE_IDENTIFIER = "aahlad.com.The-Big-List";
				PRODUCT_NAME = "$(TARGET_NAME)";
				SWIFT_VERSION = 5.0;
				TARGETED_DEVICE_FAMILY = 1;
			};
			name = Release;
		};
		E83153E224ABFC7700DBB007 /* Debug */ = {
			isa = XCBuildConfiguration;
			buildSettings = {
				ALWAYS_EMBED_SWIFT_STANDARD_LIBRARIES = YES;
				BUNDLE_LOADER = "$(TEST_HOST)";
				CODE_SIGN_STYLE = Automatic;
				INFOPLIST_FILE = "The Big ListTests/Info.plist";
				IPHONEOS_DEPLOYMENT_TARGET = 14.0;
				LD_RUNPATH_SEARCH_PATHS = (
					"$(inherited)",
					"@executable_path/Frameworks",
					"@loader_path/Frameworks",
				);
				PRODUCT_BUNDLE_IDENTIFIER = "aahlad.com.The-Big-ListTests";
				PRODUCT_NAME = "$(TARGET_NAME)";
				SWIFT_VERSION = 5.0;
				TARGETED_DEVICE_FAMILY = "1,2";
				TEST_HOST = "$(BUILT_PRODUCTS_DIR)/The Big List.app/The Big List";
			};
			name = Debug;
		};
		E83153E324ABFC7700DBB007 /* Release */ = {
			isa = XCBuildConfiguration;
			buildSettings = {
				ALWAYS_EMBED_SWIFT_STANDARD_LIBRARIES = YES;
				BUNDLE_LOADER = "$(TEST_HOST)";
				CODE_SIGN_STYLE = Automatic;
				INFOPLIST_FILE = "The Big ListTests/Info.plist";
				IPHONEOS_DEPLOYMENT_TARGET = 14.0;
				LD_RUNPATH_SEARCH_PATHS = (
					"$(inherited)",
					"@executable_path/Frameworks",
					"@loader_path/Frameworks",
				);
				PRODUCT_BUNDLE_IDENTIFIER = "aahlad.com.The-Big-ListTests";
				PRODUCT_NAME = "$(TARGET_NAME)";
				SWIFT_VERSION = 5.0;
				TARGETED_DEVICE_FAMILY = "1,2";
				TEST_HOST = "$(BUILT_PRODUCTS_DIR)/The Big List.app/The Big List";
			};
			name = Release;
		};
		E83153E524ABFC7700DBB007 /* Debug */ = {
			isa = XCBuildConfiguration;
			buildSettings = {
				ALWAYS_EMBED_SWIFT_STANDARD_LIBRARIES = YES;
				CODE_SIGN_STYLE = Automatic;
				INFOPLIST_FILE = "The Big ListUITests/Info.plist";
				LD_RUNPATH_SEARCH_PATHS = (
					"$(inherited)",
					"@executable_path/Frameworks",
					"@loader_path/Frameworks",
				);
				PRODUCT_BUNDLE_IDENTIFIER = "aahlad.com.The-Big-ListUITests";
				PRODUCT_NAME = "$(TARGET_NAME)";
				SWIFT_VERSION = 5.0;
				TARGETED_DEVICE_FAMILY = "1,2";
				TEST_TARGET_NAME = "The Big List";
			};
			name = Debug;
		};
		E83153E624ABFC7700DBB007 /* Release */ = {
			isa = XCBuildConfiguration;
			buildSettings = {
				ALWAYS_EMBED_SWIFT_STANDARD_LIBRARIES = YES;
				CODE_SIGN_STYLE = Automatic;
				INFOPLIST_FILE = "The Big ListUITests/Info.plist";
				LD_RUNPATH_SEARCH_PATHS = (
					"$(inherited)",
					"@executable_path/Frameworks",
					"@loader_path/Frameworks",
				);
				PRODUCT_BUNDLE_IDENTIFIER = "aahlad.com.The-Big-ListUITests";
				PRODUCT_NAME = "$(TARGET_NAME)";
				SWIFT_VERSION = 5.0;
				TARGETED_DEVICE_FAMILY = "1,2";
				TEST_TARGET_NAME = "The Big List";
			};
			name = Release;
		};
/* End XCBuildConfiguration section */

/* Begin XCConfigurationList section */
		E83153B424ABFC7500DBB007 /* Build configuration list for PBXProject "The Big List" */ = {
			isa = XCConfigurationList;
			buildConfigurations = (
				E83153DC24ABFC7700DBB007 /* Debug */,
				E83153DD24ABFC7700DBB007 /* Release */,
			);
			defaultConfigurationIsVisible = 0;
			defaultConfigurationName = Release;
		};
		E83153DE24ABFC7700DBB007 /* Build configuration list for PBXNativeTarget "The Big List" */ = {
			isa = XCConfigurationList;
			buildConfigurations = (
				E83153DF24ABFC7700DBB007 /* Debug */,
				E83153E024ABFC7700DBB007 /* Release */,
			);
			defaultConfigurationIsVisible = 0;
			defaultConfigurationName = Release;
		};
		E83153E124ABFC7700DBB007 /* Build configuration list for PBXNativeTarget "The Big ListTests" */ = {
			isa = XCConfigurationList;
			buildConfigurations = (
				E83153E224ABFC7700DBB007 /* Debug */,
				E83153E324ABFC7700DBB007 /* Release */,
			);
			defaultConfigurationIsVisible = 0;
			defaultConfigurationName = Release;
		};
		E83153E424ABFC7700DBB007 /* Build configuration list for PBXNativeTarget "The Big ListUITests" */ = {
			isa = XCConfigurationList;
			buildConfigurations = (
				E83153E524ABFC7700DBB007 /* Debug */,
				E83153E624ABFC7700DBB007 /* Release */,
			);
			defaultConfigurationIsVisible = 0;
			defaultConfigurationName = Release;
		};
/* End XCConfigurationList section */

/* Begin XCVersionGroup section */
		E805D5F124B81D6B0060547D /* BigList.xcdatamodeld */ = {
			isa = XCVersionGroup;
			children = (
				E805D5F224B81D6B0060547D /* BigList.xcdatamodel */,
			);
			currentVersion = E805D5F224B81D6B0060547D /* BigList.xcdatamodel */;
			path = BigList.xcdatamodeld;
			sourceTree = "<group>";
			versionGroupType = wrapper.xcdatamodel;
		};
/* End XCVersionGroup section */
	};
	rootObject = E83153B124ABFC7500DBB007 /* Project object */;
}
